{
  "originHash" : "8202e29cad8ad796e564ed7e0d335c8722855f6f3f497ce19d929ddfcf26ed3f",
  "pins" : [
    {
      "identity" : "keyboardshortcuts",
      "kind" : "remoteSourceControl",
      "location" : "https://github.com/sindresorhus/KeyboardShortcuts",
      "state" : {
        "revision" : "1aef85578fdd4f9eaeeb8d53b7b4fc31bf08fe27",
        "version" : "2.4.0"
      }
    },
    {
      "identity" : "kingfisher",
      "kind" : "remoteSourceControl",
      "location" : "https://github.com/onevcat/Kingfisher.git",
      "state" : {
        "revision" : "2015fda791daa72c8058619545a593bf8c1dd59f",
        "version" : "8.5.0"
      }
    },
    {
      "identity" : "swiftformatplugins",
      "kind" : "remoteSourceControl",
      "location" : "https://github.com/StarLard/SwiftFormatPlugins.git",
      "state" : {
        "revision" : "8b7fe1b899d82e1abbe4a88d7593645e06669467",
        "version" : "1.1.1"
      }
    }
  ],
  "version" : 3
}
